{
  "name": "stencionic",
  "version": "0.0.1",
  "lockfileVersion": 2,
  "requires": true,
  "packages": {
    "": {
      "name": "stencionic",
      "version": "0.0.1",
      "dependencies": {
        "@ionic/core": "5.6.3"
      },
      "devDependencies": {
        "@stencil/core": "2.5.1",
        "@stencil/router": "2.0.0-2"
      }
    },
    "node_modules/@ionic/core": {
      "version": "5.6.3",
      "resolved": "https://registry.npmjs.org/@ionic/core/-/core-5.6.3.tgz",
      "integrity": "sha512-RPugxDcCwB5rgEh6yR2QDTzblT8BRBktsW6y+VBt62yHRzgEAENEfVyvkADz+CkGAsmZuPmC8OQC2jJrx/fJFA==",
      "dependencies": {
        "@stencil/core": "^2.4.0",
        "ionicons": "^5.5.1",
        "tslib": "^2.1.0"
      }
    },
    "node_modules/@stencil/core": {
      "version": "2.5.1",
      "resolved": "https://registry.npmjs.org/@stencil/core/-/core-2.5.1.tgz",
      "integrity": "sha512-SHVX/XaMYEzZJr7ttFSU9a1GmZRMUS9l7f/hbWnKYRn4S9zl1CqGf2iR/ofJ7B+vKaHLjapCAVrzCrkciVIpXA==",
      "bin": {
        "stencil": "bin/stencil"
      },
      "engines": {
        "node": ">=12.10.0",
        "npm": ">=6.0.0"
      }
    },
    "node_modules/@stencil/router": {
      "version": "2.0.0-2",
      "resolved": "https://registry.npmjs.org/@stencil/router/-/router-2.0.0-2.tgz",
      "integrity": "sha512-GTRZC/kttqUyFuu/mb3ua3MmLFXhS9q1msWfNquopuVYH7j29LclQ/13nV7sLR8h3BWNKWOYjLSIykhxKJ6UUw==",
      "dev": true,
      "dependencies": {
        "@stencil/store": "^1.1.0"
      },
      "peerDependencies": {
        "@stencil/core": ">=2.1.0-2"
      }
    },
    "node_modules/@stencil/store": {
      "version": "1.5.0",
      "resolved": "https://registry.npmjs.org/@stencil/store/-/store-1.5.0.tgz",
      "integrity": "sha512-fe5fCF6dgVlDM1iLRkkJUyUh0Tfx305asVGgMAJjIs7Q+x/b1pGgTLROm9Ibr53PZuFwr5Kg+4h9p4FLbYqHgA==",
      "dev": true,
      "peerDependencies": {
        "@stencil/core": ">=1.9.0"
      }
    },
    "node_modules/ionicons": {
      "version": "5.5.4",
      "resolved": "https://registry.npmjs.org/ionicons/-/ionicons-5.5.4.tgz",
      "integrity": "sha512-3ph8X9my3inhabWEZ7N0XRA0MnnNQ1v9a602mLNgWsIXnxE9G5BybIZ/pws/OZZ/hoNlvSjk801N03yL9/FNgQ==",
      "dependencies": {
        "@stencil/core": "~2.10.0"
      }
    },
    "node_modules/ionicons/node_modules/@stencil/core": {
      "version": "2.10.0",
      "resolved": "https://registry.npmjs.org/@stencil/core/-/core-2.10.0.tgz",
      "integrity": "sha512-15rWMTPQ/sp0lSV82HVCXkIya3QLN+uBl7pqK4JnTrp4HiLrzLmNbWjbvgCs55gw0lULbCIGbRIEsFz+Pe/Q+A==",
      "bin": {
        "stencil": "bin/stencil"
      },
      "engines": {
        "node": ">=12.10.0",
        "npm": ">=6.0.0"
      }
    },
    "node_modules/tslib": {
      "version": "2.3.1",
      "resolved": "https://registry.npmjs.org/tslib/-/tslib-2.3.1.tgz",
      "integrity": "sha512-77EbyPPpMz+FRFRuAFlWMtmgUWGe9UOG2Z25NqCwiIjRhOf5iKGuzSe5P2w1laq+FkRy4p+PCuVkJSGkzTEKVw=="
    }
  },
  "dependencies": {
    "@ionic/core": {
      "version": "5.6.3",
      "resolved": "https://registry.npmjs.org/@ionic/core/-/core-5.6.3.tgz",
      "integrity": "sha512-RPugxDcCwB5rgEh6yR2QDTzblT8BRBktsW6y+VBt62yHRzgEAENEfVyvkADz+CkGAsmZuPmC8OQC2jJrx/fJFA==",
      "requires": {
        "@stencil/core": "^2.4.0",
        "ionicons": "^5.5.1",
        "tslib": "^2.1.0"
      }
    },
    "@stencil/core": {
      "version": "2.5.1",
      "resolved": "https://registry.npmjs.org/@stencil/core/-/core-2.5.1.tgz",
      "integrity": "sha512-SHVX/XaMYEzZJr7ttFSU9a1GmZRMUS9l7f/hbWnKYRn4S9zl1CqGf2iR/ofJ7B+vKaHLjapCAVrzCrkciVIpXA=="
    },
    "@stencil/router": {
      "version": "2.0.0-2",
      "resolved": "https://registry.npmjs.org/@stencil/router/-/router-2.0.0-2.tgz",
      "integrity": "sha512-GTRZC/kttqUyFuu/mb3ua3MmLFXhS9q1msWfNquopuVYH7j29LclQ/13nV7sLR8h3BWNKWOYjLSIykhxKJ6UUw==",
      "dev": true,
      "requires": {
        "@stencil/store": "^1.1.0"
      }
    },
    "@stencil/store": {
      "version": "1.5.0",
      "resolved": "https://registry.npmjs.org/@stencil/store/-/store-1.5.0.tgz",
      "integrity": "sha512-fe5fCF6dgVlDM1iLRkkJUyUh0Tfx305asVGgMAJjIs7Q+x/b1pGgTLROm9Ibr53PZuFwr5Kg+4h9p4FLbYqHgA==",
      "dev": true,
      "requires": {}
    },
    "ionicons": {
      "version": "5.5.4",
      "resolved": "https://registry.npmjs.org/ionicons/-/ionicons-5.5.4.tgz",
      "integrity": "sha512-3ph8X9my3inhabWEZ7N0XRA0MnnNQ1v9a602mLNgWsIXnxE9G5BybIZ/pws/OZZ/hoNlvSjk801N03yL9/FNgQ==",
      "requires": {
        "@stencil/core": "~2.10.0"
      },
      "dependencies": {
        "@stencil/core": {
          "version": "2.10.0",
          "resolved": "https://registry.npmjs.org/@stencil/core/-/core-2.10.0.tgz",
          "integrity": "sha512-15rWMTPQ/sp0lSV82HVCXkIya3QLN+uBl7pqK4JnTrp4HiLrzLmNbWjbvgCs55gw0lULbCIGbRIEsFz+Pe/Q+A=="
        }
      }
    },
    "tslib": {
      "version": "2.3.1",
      "resolved": "https://registry.npmjs.org/tslib/-/tslib-2.3.1.tgz",
      "integrity": "sha512-77EbyPPpMz+FRFRuAFlWMtmgUWGe9UOG2Z25NqCwiIjRhOf5iKGuzSe5P2w1laq+FkRy4p+PCuVkJSGkzTEKVw=="
    }
  }
}
